
Microsoft Visual Studio Solution File, Format Version 12.00
# Visual Studio 2012
Project("{FAE04EC0-301F-11D3-BF4B-00C04F79EFBC}") = "MvcMovie", "MvcMovie.csproj", "{0D500E5B-D639-417B-B12B-3C71001FDF9A}"
EndProject
Global
	GlobalSection(SolutionConfigurationPlatforms) = preSolution
		Debug|Any CPU = Debug|Any CPU
		Release|Any CPU = Release|Any CPU
	EndGlobalSection
	GlobalSection(ProjectConfigurationPlatforms) = postSolution
		{0D500E5B-D639-417B-B12B-3C71001FDF9A}.Debug|Any CPU.ActiveCfg = Debug|Any CPU
		{0D500E5B-D639-417B-B12B-3C71001FDF9A}.Debug|Any CPU.Build.0 = Debug|Any CPU
		{0D500E5B-D639-417B-B12B-3C71001FDF9A}.Release|Any CPU.ActiveCfg = Release|Any CPU
		{0D500E5B-D639-417B-B12B-3C71001FDF9A}.Release|Any CPU.Build.0 = Release|Any CPU
	EndGlobalSection
EndGlobal
